<?xml version="1.0" encoding="utf-8"?>
<Project ToolsVersion="4.0" xmlns="http://schemas.microsoft.com/developer/msbuild/2003">
  <ItemGroup>
    <ClCompile Include="Game\main.cpp" />
    <ClCompile Include="RandomEngine\API\Application.cpp" />
    <ClCompile Include="RandomEngine\API\Math\Functions.cpp" />
    <ClCompile Include="RandomEngine\API\System\Mouse.cpp" />
    <ClCompile Include="RandomEngine\API\Graphics\Sprite.cpp" />
    <ClCompile Include="RandomEngine\API\Resource\ResourceLoader.cpp" />
    <ClCompile Include="RandomEngine\API\Resource\TextureLoader.cpp" />
    <ClCompile Include="Game\Object\SpriteObject.cpp" />
    <ClCompile Include="RandomEngine\API\Graphics\VertexObject.cpp" />
    <ClCompile Include="RandomEngine\API\Graphics\Shape.cpp" />
    <ClCompile Include="Game\Level\Bound.cpp" />
    <ClCompile Include="Game\Player.cpp" />
    <ClCompile Include="Game\Level.cpp" />
    <ClCompile Include="Game\Object.cpp" />
    <ClCompile Include="Game\IGameObject.cpp" />
    <ClCompile Include="Game\Collision\CollisionArea.cpp" />
    <ClCompile Include="RandomEngine\API\Math\color.cpp" />
    <ClCompile Include="RandomEngine\API\Math\CollisionFunctions.cpp" />
    <ClCompile Include="RandomEngine\API\System\Keyboard.cpp" />
    <ClCompile Include="RandomEngine\API\Resource\File.cpp" />
    <ClCompile Include="Game\Level\LevelLoader.cpp" />
  </ItemGroup>
  <ItemGroup>
    <ClInclude Include="RandomEngine\API\Application.hpp" />
    <ClInclude Include="RandomEngine\API\Graphics\Camera.hpp" />
    <ClInclude Include="RandomEngine\API\Math.hpp" />
    <ClInclude Include="RandomEngine\API\Math\vec2.hpp" />
    <ClInclude Include="RandomEngine\API\System\types.hpp" />
    <ClInclude Include="RandomEngine\API\Auxiliary\DEBUG.hpp" />
    <ClInclude Include="RandomEngine\API\Auxiliary\print_vectors.hpp" />
    <ClInclude Include="RandomEngine\API\System\Mouse.hpp" />
    <ClInclude Include="RandomEngine\API\Graphics\Sprite.hpp" />
    <ClInclude Include="RandomEngine\API\Resource\ResourceLoader.hpp" />
    <ClInclude Include="RandomEngine\API\Resource\TextureLoader.hpp" />
    <ClInclude Include="Game\Level.hpp" />
    <ClInclude Include="Game\Object.hpp" />
    <ClInclude Include="Game\Player.hpp" />
    <ClInclude Include="Game\Object\VertexObject.hpp" />
    <ClInclude Include="Game\Object\SpriteObject.hpp" />
    <ClInclude Include="Game\Level\Part.hpp" />
    <ClInclude Include="Game\Object\ProcessGroup.hpp" />
    <ClInclude Include="Game\Object\Group.hpp" />
    <ClInclude Include="RandomEngine\API\Math\color.hpp" />
    <ClInclude Include="RandomEngine\API\Tests\ShapeTests.hpp" />
    <ClInclude Include="RandomEngine\API\Graphics\Object.hpp" />
    <ClInclude Include="RandomEngine\API\Math\Functions.hpp" />
    <ClInclude Include="RandomEngine\API\Graphics\VertexObject.hpp" />
    <ClInclude Include="RandomEngine\API\Graphics\Shape.hpp" />
    <ClInclude Include="RandomEngine\API\Tests\Assert.hpp" />
    <ClInclude Include="Game\Level\Bound.hpp" />
    <ClInclude Include="Game\Collision\StaticBody.hpp" />
    <ClInclude Include="Game\IGameObject.hpp" />
    <ClInclude Include="Game\Collision\RectangleArea.hpp" />
    <ClInclude Include="Game\Collision\CollisionArea.hpp" />
    <ClInclude Include="RandomEngine\API\Math\CollisionFunctions.hpp" />
    <ClInclude Include="RandomEngine\API\Math\RepulsionResult.hpp" />
    <ClInclude Include="RandomEngine\API\System\Keyboard.hpp" />
    <ClInclude Include="Game\Level\LevelLoader.hpp" />
    <ClInclude Include="RandomEngine\API\Resource\File.hpp" />
    <ClInclude Include="Game\Settings.hpp" />
    <ClInclude Include="Game\Level\LevelState.hpp" />
  </ItemGroup>
  <ItemGroup>
    <None Include="RandomEngine\API\Graphics\Camera.cpp" />
    <None Include="packages.config" />
  </ItemGroup>
</Project>