<?xml version="1.0" encoding="utf-8"?>
<Project ToolsVersion="4.0" xmlns="http://schemas.microsoft.com/developer/msbuild/2003">
  <ItemGroup>
    <ClCompile Include="Game\main.cpp" />
    <ClCompile Include="RandomEngine\API\Application.cpp" />
    <ClCompile Include="RandomEngine\API\Math\Functions.cpp" />
    <ClCompile Include="RandomEngine\API\System\Mouse.cpp" />
    <ClCompile Include="RandomEngine\API\Graphics\Sprite.cpp" />
    <ClCompile Include="RandomEngine\API\Resource\ResourceLoader.cpp" />
    <ClCompile Include="RandomEngine\API\Resource\TextureLoader.cpp" />
    <ClCompile Include="Game\Object\SpriteObject.cpp" />
    <ClCompile Include="RandomEngine\API\Graphics\VertexObject.cpp" />
    <ClCompile Include="RandomEngine\API\Graphics\Shape.cpp" />
    <ClCompile Include="Game\Scenes\Level\Bound.cpp" />
    <ClCompile Include="Game\Player.cpp" />
    <ClCompile Include="Game\Scenes\Level.cpp" />
    <ClCompile Include="Game\Object.cpp" />
    <ClCompile Include="Game\Collision\RectangleHitbox.cpp" />
    <ClCompile Include="RandomEngine\API\Math\color.cpp" />
    <ClCompile Include="RandomEngine\API\Math\CollisionFunctions.cpp" />
    <ClCompile Include="RandomEngine\API\System\Keyboard.cpp" />
    <ClCompile Include="RandomEngine\API\Resource\File.cpp" />
    <ClCompile Include="Game\Player\GameMode.cpp" />
    <ClCompile Include="RandomEngine\API\UI\Button.cpp" />
    <ClCompile Include="RandomEngine\API\Graphics\Camera.cpp" />
    <ClCompile Include="Game\Scenes\MainMenu.cpp" />
    <ClCompile Include="RandomEngine\API\GlobalData.cpp" />
    <ClCompile Include="Game\Scenes\Level\Background.cpp" />
    <ClCompile Include="RandomEngine\API\Resource\SoundLoader.cpp" />
    <ClCompile Include="RandomEngine\API\Scene.cpp" />
    <ClCompile Include="Game\Scenes\MainScene.cpp" />
    <ClCompile Include="Game\Scenes\Editor.cpp" />
    <ClCompile Include="Game\Scenes\Editor\EditorUI.cpp" />
    <ClCompile Include="RandomEngine\API\UI.cpp" />
    <ClCompile Include="Game\Scenes\Editor\DevLevel.cpp" />
    <ClCompile Include="Game\Scenes\Level\LevelBase.cpp" />
    <ClCompile Include="RandomEngine\API\UI\Tabs.cpp" />
    <ClCompile Include="Game\Scenes\Editor\ObjectsMenu.cpp" />
    <ClCompile Include="RandomEngine\API\UI\UIComponent.cpp" />
    <ClCompile Include="RandomEngine\API\UI\SelectableButton.cpp" />
    <ClCompile Include="Game\Scenes\Editor\HotkeyHandler.cpp" />
    <ClCompile Include="RandomEngine\API\Graphics\SpriteModel.cpp" />
    <ClCompile Include="RandomEngine\API\Graphics\MultiSprite.cpp" />
    <ClCompile Include="RandomEngine\API\Graphics\DefaultShaders.cpp" />
    <ClCompile Include="Game\Scenes\Level\BinaryLevelLoader.cpp" />
    <ClCompile Include="Game\Scenes\Level\Serializer.cpp" />
    <ClCompile Include="Game\Object\ObjectActions.cpp" />
    <ClCompile Include="Game\Object\SpriteObjectBuilder.cpp" />
    <ClCompile Include="Game\Player\PlayerView.cpp" />
    <ClCompile Include="Game\Player\PlayerView\CubeView.cpp" />
    <ClCompile Include="Game\Player\PlayerView\ShipView.cpp" />
    <ClCompile Include="Game\Collision\DynamicBody.cpp" />
  </ItemGroup>
  <ItemGroup>
    <ClInclude Include="RandomEngine\API\Application.hpp" />
    <ClInclude Include="RandomEngine\API\Graphics\Camera.hpp" />
    <ClInclude Include="RandomEngine\API\Math.hpp" />
    <ClInclude Include="RandomEngine\API\Math\vec2.hpp" />
    <ClInclude Include="RandomEngine\API\System\types.hpp" />
    <ClInclude Include="RandomEngine\API\Auxiliary\DEBUG.hpp" />
    <ClInclude Include="RandomEngine\API\Auxiliary\print_vectors.hpp" />
    <ClInclude Include="RandomEngine\API\System\Mouse.hpp" />
    <ClInclude Include="RandomEngine\API\Graphics\Sprite.hpp" />
    <ClInclude Include="RandomEngine\API\Resource\ResourceLoader.hpp" />
    <ClInclude Include="RandomEngine\API\Resource\TextureLoader.hpp" />
    <ClInclude Include="Game\Scenes\Level.hpp" />
    <ClInclude Include="Game\Object.hpp" />
    <ClInclude Include="Game\Player.hpp" />
    <ClInclude Include="Game\Object\VertexObject.hpp" />
    <ClInclude Include="Game\Object\SpriteObject.hpp" />
    <ClInclude Include="Game\Object\ProcessGroup.hpp" />
    <ClInclude Include="Game\Object\Group.hpp" />
    <ClInclude Include="RandomEngine\API\Math\color.hpp" />
    <ClInclude Include="RandomEngine\API\Tests\ShapeTests.hpp" />
    <ClInclude Include="RandomEngine\API\Graphics\GameObjectBase.hpp" />
    <ClInclude Include="RandomEngine\API\Math\Functions.hpp" />
    <ClInclude Include="RandomEngine\API\Graphics\VertexObject.hpp" />
    <ClInclude Include="RandomEngine\API\Graphics\Shape.hpp" />
    <ClInclude Include="RandomEngine\API\Tests\Assert.hpp" />
    <ClInclude Include="Game\Scenes\Level\Bound.hpp" />
    <ClInclude Include="Game\Collision\StaticBody.hpp" />
    <ClInclude Include="Game\Collision\RectangleHitbox.hpp" />
    <ClInclude Include="Game\Collision\Hitbox.hpp" />
    <ClInclude Include="RandomEngine\API\Math\CollisionFunctions.hpp" />
    <ClInclude Include="RandomEngine\API\Math\RepulsionResult.hpp" />
    <ClInclude Include="RandomEngine\API\System\Keyboard.hpp" />
    <ClInclude Include="RandomEngine\API\Resource\File.hpp" />
    <ClInclude Include="Game\Settings.hpp" />
    <ClInclude Include="Game\Scenes\Level\LevelState.hpp" />
    <ClInclude Include="Game\Player\GameMode.hpp" />
    <ClInclude Include="RandomEngine\API\UI\Button.hpp" />
    <ClInclude Include="RandomEngine\API\Scene.hpp" />
    <ClInclude Include="RandomEngine\API\UI.hpp" />
    <ClInclude Include="Game\Scenes\MainMenu.hpp" />
    <ClInclude Include="RandomEngine\API\GlobalData.hpp" />
    <ClInclude Include="Game\Scenes\Level\Background.hpp" />
    <ClInclude Include="RandomEngine\API\Resource\SoundLoader.hpp" />
    <ClInclude Include="Game\Object\Trigger\ITransformableObject.h" />
    <ClInclude Include="Game\Scenes\MainScene.hpp" />
    <ClInclude Include="Game\Scenes\Editor.hpp" />
    <ClInclude Include="Game\Scenes\Editor\EditorUI.hpp" />
    <ClInclude Include="RandomEngine\API\UI\UIComponent.hpp" />
    <ClInclude Include="Game\Scenes\Editor\DevLevel.hpp" />
    <ClInclude Include="Game\Scenes\Level\LevelBase.hpp" />
    <ClInclude Include="Game\Scenes\Editor\ObjectsMenu.hpp" />
    <ClInclude Include="RandomEngine\API\UI\Tabs.hpp" />
    <ClInclude Include="RandomEngine\API\UI\SelectableButton.hpp" />
    <ClInclude Include="Game\Scenes\Editor\HotkeyHandler.hpp" />
    <ClInclude Include="RandomEngine\API\Graphics\SpriteModel.hpp" />
    <ClInclude Include="RandomEngine\API\Graphics\MultiSprite.hpp" />
    <ClInclude Include="RandomEngine\API\Graphics\DefaultShaders.hpp" />
    <ClInclude Include="Game\Scenes\Level\BinaryLevelLoader.hpp" />
    <ClInclude Include="Game\Scenes\Level\Serializer.hpp" />
    <ClInclude Include="Game\Object\ObjectActions.hpp" />
    <ClInclude Include="Game\Object\SpriteObjectBuilder.hpp" />
    <ClInclude Include="Game\Player\PlayerView.hpp" />
    <ClInclude Include="Game\Player\PlayerView\CubeView.hpp" />
    <ClInclude Include="Game\Collision\DynamicBody.hpp" />
    <ClInclude Include="Game\Player\IconNumbers.hpp" />
    <ClInclude Include="Game\Player\PlayerView\ShipView.hpp" />
    <ClInclude Include="Game\Player\PlayerView\IconUnits.hpp" />
  </ItemGroup>
  <ItemGroup>
    <None Include="packages.config" />
  </ItemGroup>
</Project>